# This file is autogenerated, do not edit; changes may be undone by the next 'dep ensure'.


[[projects]]
  name = "github.com/BurntSushi/toml"
  packages = ["."]
  revision = "b26d9c308763d68093482582cea63d69be07a0f0"
  version = "v0.3.0"

[[projects]]
  branch = "master"
  name = "github.com/mitchellh/go-homedir"
  packages = ["."]
  revision = "b8bc1bf767474819792c23f32d8286a45736f1c6"

[[projects]]
  branch = "master"
  name = "github.com/robfig/config"
  packages = ["."]
  revision = "0f78529c8c7e3e9a25f15876532ecbc07c7d99e6"

[solve-meta]
  analyzer-name = "dep"
  analyzer-version = 1
  inputs-digest = "d587c32a1b17a4d6a30bd9ec99f37084df5aac75a364b4e8348d63b411d9ecb0"
  solver-name = "gps-cdcl"
  solver-version = 1
